// !$*UTF8*$!
{
	archiveVersion = 1;
	classes = {
	};
	objectVersion = 50;
	objects = {

/* Begin PBXBuildFile section */
		CD6C3E1B213CEDAD0078759A /* AppDelegate.swift in Sources */ = {isa = PBXBuildFile; fileRef = CD6C3E1A213CEDAD0078759A /* AppDelegate.swift */; };
		CD6C3E1D213CEDAD0078759A /* ViewController.swift in Sources */ = {isa = PBXBuildFile; fileRef = CD6C3E1C213CEDAD0078759A /* ViewController.swift */; };
		CD6C3E20213CEDAD0078759A /* Main.storyboard in Resources */ = {isa = PBXBuildFile; fileRef = CD6C3E1E213CEDAD0078759A /* Main.storyboard */; };
		CD6C3E22213CEDAE0078759A /* Assets.xcassets in Resources */ = {isa = PBXBuildFile; fileRef = CD6C3E21213CEDAE0078759A /* Assets.xcassets */; };
		CD6C3E25213CEDAE0078759A /* LaunchScreen.storyboard in Resources */ = {isa = PBXBuildFile; fileRef = CD6C3E23213CEDAE0078759A /* LaunchScreen.storyboard */; };
/* End PBXBuildFile section */

/* Begin PBXFileReference section */
		CD6C3E17213CEDAD0078759A /* CALayerWithAutoLayoutSample.app */ = {isa = PBXFileReference; explicitFileType = wrapper.application; includeInIndex = 0; path = CALayerWithAutoLayoutSample.app; sourceTree = BUILT_PRODUCTS_DIR; };
		CD6C3E1A213CEDAD0078759A /* AppDelegate.swift */ = {isa = PBXFileReference; lastKnownFileType = sourcecode.swift; path = AppDelegate.swift; sourceTree = "<group>"; };
		CD6C3E1C213CEDAD0078759A /* ViewController.swift */ = {isa = PBXFileReference; lastKnownFileType = sourcecode.swift; path = ViewController.swift; sourceTree = "<group>"; };
		CD6C3E1F213CEDAD0078759A /* Base */ = {isa = PBXFileReference; lastKnownFileType = file.storyboard; name = Base; path = Base.lproj/Main.storyboard; sourceTree = "<group>"; };
		CD6C3E21213CEDAE0078759A /* Assets.xcassets */ = {isa = PBXFileReference; lastKnownFileType = folder.assetcatalog; path = Assets.xcassets; sourceTree = "<group>"; };
		CD6C3E24213CEDAE0078759A /* Base */ = {isa = PBXFileReference; lastKnownFileType = file.storyboard; name = Base; path = Base.lproj/LaunchScreen.storyboard; sourceTree = "<group>"; };
		CD6C3E26213CEDAE0078759A /* Info.plist */ = {isa = PBXFileReference; lastKnownFileType = text.plist.xml; path = Info.plist; sourceTree = "<group>"; };
/* End PBXFileReference section */

/* Begin PBXFrameworksBuildPhase section */
		CD6C3E14213CEDAD0078759A /* Frameworks */ = {
			isa = PBXFrameworksBuildPhase;
			buildActionMask = 2147483647;
			files = (
			);
			runOnlyForDeploymentPostprocessing = 0;
		};
/* End PBXFrameworksBuildPhase section */

/* Begin PBXGroup section */
		CD6C3E0E213CEDAD0078759A = {
			isa = PBXGroup;
			children = (
				CD6C3E19213CEDAD0078759A /* CALayerWithAutoLayoutSample */,
				CD6C3E18213CEDAD0078759A /* Products */,
			);
			sourceTree = "<group>";
		};
		CD6C3E18213CEDAD0078759A /* Products */ = {
			isa = PBXGroup;
			children = (
				CD6C3E17213CEDAD0078759A /* CALayerWithAutoLayoutSample.app */,
			);
			name = Products;
			sourceTree = "<group>";
		};
		CD6C3E19213CEDAD0078759A /* CALayerWithAutoLayoutSample */ = {
			isa = PBXGroup;
			children = (
				CD6C3E1A213CEDAD0078759A /* AppDelegate.swift */,
				CD6C3E1C213CEDAD0078759A /* ViewController.swift */,
				CD6C3E1E213CEDAD0078759A /* Main.storyboard */,
				CD6C3E21213CEDAE0078759A /* Assets.xcassets */,
				CD6C3E23213CEDAE0078759A /* LaunchScreen.storyboard */,
				CD6C3E26213CEDAE0078759A /* Info.plist */,
			);
			path = CALayerWithAutoLayoutSample;
			sourceTree = "<group>";
		};
/* End PBXGroup section */

/* Begin PBXNativeTarget section */
		CD6C3E16213CEDAD0078759A /* CALayerWithAutoLayoutSample */ = {
			isa = PBXNativeTarget;
			buildConfigurationList = CD6C3E29213CEDAE0078759A /* Build configuration list for PBXNativeTarget "CALayerWithAutoLayoutSample" */;
			buildPhases = (
				CD6C3E13213CEDAD0078759A /* Sources */,
				CD6C3E14213CEDAD0078759A /* Frameworks */,
				CD6C3E15213CEDAD0078759A /* Resources */,
			);
			buildRules = (
			);
			dependencies = (
			);
			name = CALayerWithAutoLayoutSample;
			productName = CALayerWithAutoLayoutSample;
			productReference = CD6C3E17213CEDAD0078759A /* CALayerWithAutoLayoutSample.app */;
			productType = "com.apple.product-type.application";
		};
/* End PBXNativeTarget section */

/* Begin PBXProject section */
		CD6C3E0F213CEDAD0078759A /* Project object */ = {
			isa = PBXProject;
			attributes = {
				LastSwiftUpdateCheck = 1000;
				LastUpgradeCheck = 1000;
				ORGANIZATIONNAME = MyCompany;
				TargetAttributes = {
					CD6C3E16213CEDAD0078759A = {
						CreatedOnToolsVersion = 10.0;
					};
				};
			};
			buildConfigurationList = CD6C3E12213CEDAD0078759A /* Build configuration list for PBXProject "CALayerWithAutoLayoutSample" */;
			compatibilityVersion = "Xcode 9.3";
			developmentRegion = en;
			hasScannedForEncodings = 0;
			knownRegions = (
				en,
				Base,
			);
			mainGroup = CD6C3E0E213CEDAD0078759A;
			productRefGroup = CD6C3E18213CEDAD0078759A /* Products */;
			projectDirPath = "";
			projectRoot = "";
			targets = (
				CD6C3E16213CEDAD0078759A /* CALayerWithAutoLayoutSample */,
			);
		};
/* End PBXProject section */

/* Begin PBXResourcesBuildPhase section */
		CD6C3E15213CEDAD0078759A /* Resources */ = {
			isa = PBXResourcesBuildPhase;
			buildActionMask = 2147483647;
			files = (
				CD6C3E25213CEDAE0078759A /* LaunchScreen.storyboard in Resources */,
				CD6C3E22213CEDAE0078759A /* Assets.xcassets in Resources */,
				CD6C3E20213CEDAD0078759A /* Main.storyboard in Resources */,
			);
			runOnlyForDeploymentPostprocessing = 0;
		};
/* End PBXResourcesBuildPhase section */

/* Begin PBXSourcesBuildPhase section */
		CD6C3E13213CEDAD0078759A /* Sources */ = {
			isa = PBXSourcesBuildPhase;
			buildActionMask = 2147483647;
			files = (
				CD6C3E1D213CEDAD0078759A /* ViewController.swift in Sources */,
				CD6C3E1B213CEDAD0078759A /* AppDelegate.swift in Sources */,
			);
			runOnlyForDeploymentPostprocessing = 0;
		};
/* End PBXSourcesBuildPhase section */

/* Begin PBXVariantGroup section */
		CD6C3E1E213CEDAD0078759A /* Main.storyboard */ = {
			isa = PBXVariantGroup;
			children = (
				CD6C3E1F213CEDAD0078759A /* Base */,
			);
			name = Main.storyboard;
			sourceTree = "<group>";
		};
		CD6C3E23213CEDAE0078759A /* LaunchScreen.storyboard */ = {
			isa = PBXVariantGroup;
			children = (
				CD6C3E24213CEDAE0078759A /* Base */,
			);
			name = LaunchScreen.storyboard;
			sourceTree = "<group>";
		};
/* End PBXVariantGroup section */

/* Begin XCBuildConfiguration section */
		CD6C3E27213CEDAE0078759A /* Debug */ = {
			isa = XCBuildConfiguration;
			buildSettings = {
				ALWAYS_SEARCH_USER_PATHS = NO;
				CLANG_ANALYZER_NONNULL = YES;
				CLANG_ANALYZER_NUMBER_OBJECT_CONVERSION = YES_AGGRESSIVE;
				CLANG_CXX_LANGUAGE_STANDARD = "gnu++14";
				CLANG_CXX_LIBRARY = "libc++";
				CLANG_ENABLE_MODULES = YES;
				CLANG_ENABLE_OBJC_ARC = YES;
				CLANG_ENABLE_OBJC_WEAK = YES;
				CLANG_WARN_BLOCK_CAPTURE_AUTORELEASING = YES;
				CLANG_WARN_BOOL_CONVERSION = YES;
				CLANG_WARN_COMMA = YES;
				CLANG_WARN_CONSTANT_CONVERSION = YES;
				CLANG_WARN_DEPRECATED_OBJC_IMPLEMENTATIONS = YES;
				CLANG_WARN_DIRECT_OBJC_ISA_USAGE = YES_ERROR;
				CLANG_WARN_DOCUMENTATION_COMMENTS = YES;
				CLANG_WARN_EMPTY_BODY = YES;
				CLANG_WARN_ENUM_CONVERSION = YES;
				CLANG_WARN_INFINITE_RECURSION = YES;
				CLANG_WARN_INT_CONVERSION = YES;
				CLANG_WARN_NON_LITERAL_NULL_CONVERSION = YES;
				CLANG_WARN_OBJC_IMPLICIT_RETAIN_SELF = YES;
				CLANG_WARN_OBJC_LITERAL_CONVERSION = YES;
				CLANG_WARN_OBJC_ROOT_CLASS = YES_ERROR;
				CLANG_WARN_RANGE_LOOP_ANALYSIS = YES;
				CLANG_WARN_STRICT_PROTOTYPES = YES;
				CLANG_WARN_SUSPICIOUS_MOVE = YES;
				CLANG_WARN_UNGUARDED_AVAILABILITY = YES_AGGRESSIVE;
				CLANG_WARN_UNREACHABLE_CODE = YES;
				CLANG_WARN__DUPLICATE_METHOD_MATCH = YES;
				CODE_SIGN_IDENTITY = "iPhone Developer";
				COPY_PHASE_STRIP = NO;
				DEBUG_INFORMATION_FORMAT = dwarf;
				ENABLE_STRICT_OBJC_MSGSEND = YES;
				ENABLE_TESTABILITY = YES;
				GCC_C_LANGUAGE_STANDARD = gnu11;
				GCC_DYNAMIC_NO_PIC = NO;
				GCC_NO_COMMON_BLOCKS = YES;
				GCC_OPTIMIZATION_LEVEL = 0;
				GCC_PREPROCESSOR_DEFINITIONS = (
					"DEBUG=1",
					"$(inherited)",
				);
				GCC_WARN_64_TO_32_BIT_CONVERSION = YES;
				GCC_WARN_ABOUT_RETURN_TYPE = YES_ERROR;
				GCC_WARN_UNDECLARED_SELECTOR = YES;
				GCC_WARN_UNINITIALIZED_AUTOS = YES_AGGRESSIVE;
				GCC_WARN_UNUSED_FUNCTION = YES;
				GCC_WARN_UNUSED_VARIABLE = YES;
				IPHONEOS_DEPLOYMENT_TARGET = 12.0;
				MTL_ENABLE_DEBUG_INFO = INCLUDE_SOURCE;
				MTL_FAST_MATH = YES;
				ONLY_ACTIVE_ARCH = YES;
				SDKROOT = iphoneos;
				SWIFT_ACTIVE_COMPILATION_CONDITIONS = DEBUG;
				SWIFT_OPTIMIZATION_LEVEL = "-Onone";
			};
			name = Debug;
		};
		CD6C3E28213CEDAE0078759A /* Release */ = {
			isa = XCBuildConfiguration;
			buildSettings = {
				ALWAYS_SEARCH_USER_PATHS = NO;
				CLANG_ANALYZER_NONNULL = YES;
				CLANG_ANALYZER_NUMBER_OBJECT_CONVERSION = YES_AGGRESSIVE;
				CLANG_CXX_LANGUAGE_STANDARD = "gnu++14";
				CLANG_CXX_LIBRARY = "libc++";
				CLANG_ENABLE_MODULES = YES;
				CLANG_ENABLE_OBJC_ARC = YES;
				CLANG_ENABLE_OBJC_WEAK = YES;
				CLANG_WARN_BLOCK_CAPTURE_AUTORELEASING = YES;
				CLANG_WARN_BOOL_CONVERSION = YES;
				CLANG_WARN_COMMA = YES;
				CLANG_WARN_CONSTANT_CONVERSION = YES;
				CLANG_WARN_DEPRECATED_OBJC_IMPLEMENTATIONS = YES;
				CLANG_WARN_DIRECT_OBJC_ISA_USAGE = YES_ERROR;
				CLANG_WARN_DOCUMENTATION_COMMENTS = YES;
				CLANG_WARN_EMPTY_BODY = YES;
				CLANG_WARN_ENUM_CONVERSION = YES;
				CLANG_WARN_INFINITE_RECURSION = YES;
				CLANG_WARN_INT_CONVERSION = YES;
				CLANG_WARN_NON_LITERAL_NULL_CONVERSION = YES;
				CLANG_WARN_OBJC_IMPLICIT_RETAIN_SELF = YES;
				CLANG_WARN_OBJC_LITERAL_CONVERSION = YES;
				CLANG_WARN_OBJC_ROOT_CLASS = YES_ERROR;
				CLANG_WARN_RANGE_LOOP_ANALYSIS = YES;
				CLANG_WARN_STRICT_PROTOTYPES = YES;
				CLANG_WARN_SUSPICIOUS_MOVE = YES;
				CLANG_WARN_UNGUARDED_AVAILABILITY = YES_AGGRESSIVE;
				CLANG_WARN_UNREACHABLE_CODE = YES;
				CLANG_WARN__DUPLICATE_METHOD_MATCH = YES;
				CODE_SIGN_IDENTITY = "iPhone Developer";
				COPY_PHASE_STRIP = NO;
				DEBUG_INFORMATION_FORMAT = "dwarf-with-dsym";
				ENABLE_NS_ASSERTIONS = NO;
				ENABLE_STRICT_OBJC_MSGSEND = YES;
				GCC_C_LANGUAGE_STANDARD = gnu11;
				GCC_NO_COMMON_BLOCKS = YES;
				GCC_WARN_64_TO_32_BIT_CONVERSION = YES;
				GCC_WARN_ABOUT_RETURN_TYPE = YES_ERROR;
				GCC_WARN_UNDECLARED_SELECTOR = YES;
				GCC_WARN_UNINITIALIZED_AUTOS = YES_AGGRESSIVE;
				GCC_WARN_UNUSED_FUNCTION = YES;
				GCC_WARN_UNUSED_VARIABLE = YES;
				IPHONEOS_DEPLOYMENT_TARGET = 12.0;
				MTL_ENABLE_DEBUG_INFO = NO;
				MTL_FAST_MATH = YES;
				SDKROOT = iphoneos;
				SWIFT_COMPILATION_MODE = wholemodule;
				SWIFT_OPTIMIZATION_LEVEL = "-O";
				VALIDATE_PRODUCT = YES;
			};
			name = Release;
		};
		CD6C3E2A213CEDAE0078759A /* Debug */ = {
			isa = XCBuildConfiguration;
			buildSettings = {
				ASSETCATALOG_COMPILER_APPICON_NAME = AppIcon;
				CODE_SIGN_STYLE = Automatic;
				INFOPLIST_FILE = CALayerWithAutoLayoutSample/Info.plist;
				LD_RUNPATH_SEARCH_PATHS = (
					"$(inherited)",
					"@executable_path/Frameworks",
				);
				PRODUCT_BUNDLE_IDENTIFIER = training.swift.sample.CALayerWithAutoLayoutSample;
				PRODUCT_NAME = "$(TARGET_NAME)";
				SWIFT_VERSION = 4.2;
				TARGETED_DEVICE_FAMILY = "1,2";
			};
			name = Debug;
		};
		CD6C3E2B213CEDAE0078759A /* Release */ = {
			isa = XCBuildConfiguration;
			buildSettings = {
				ASSETCATALOG_COMPILER_APPICON_NAME = AppIcon;
				CODE_SIGN_STYLE = Automatic;
				INFOPLIST_FILE = CALayerWithAutoLayoutSample/Info.plist;
				LD_RUNPATH_SEARCH_PATHS = (
					"$(inherited)",
					"@executable_path/Frameworks",
				);
				PRODUCT_BUNDLE_IDENTIFIER = training.swift.sample.CALayerWithAutoLayoutSample;
				PRODUCT_NAME = "$(TARGET_NAME)";
				SWIFT_VERSION = 4.2;
				TARGETED_DEVICE_FAMILY = "1,2";
			};
			name = Release;
		};
/* End XCBuildConfiguration section */

/* Begin XCConfigurationList section */
		CD6C3E12213CEDAD0078759A /* Build configuration list for PBXProject "CALayerWithAutoLayoutSample" */ = {
			isa = XCConfigurationList;
			buildConfigurations = (
				CD6C3E27213CEDAE0078759A /* Debug */,
				CD6C3E28213CEDAE0078759A /* Release */,
			);
			defaultConfigurationIsVisible = 0;
			defaultConfigurationName = Release;
		};
		CD6C3E29213CEDAE0078759A /* Build configuration list for PBXNativeTarget "CALayerWithAutoLayoutSample" */ = {
			isa = XCConfigurationList;
			buildConfigurations = (
				CD6C3E2A213CEDAE0078759A /* Debug */,
				CD6C3E2B213CEDAE0078759A /* Release */,
			);
			defaultConfigurationIsVisible = 0;
			defaultConfigurationName = Release;
		};
/* End XCConfigurationList section */
	};
	rootObject = CD6C3E0F213CEDAD0078759A /* Project object */;
}
